apiVersion: vendir.k14s.io/v1alpha1
directories:
- contents:
  - githubRelease:
      tag: knative-v1.12.1
      url: https://api.github.com/repos/knative/serving/releases/130644565
    path: serving
  - githubRelease:
      tag: knative-v1.12.1
      url: https://api.github.com/repos/knative-extensions/net-contour/releases/127330350
    path: net-contour
  - githubRelease:
      tag: knative-v1.12.0
      url: https://api.github.com/repos/knative-extensions/net-certmanager/releases/126367205
    path: net-cert-manager
  path: config/upstream
kind: LockConfig
